# THIS IS AN AUTOGENERATED FILE. DO NOT EDIT THIS FILE DIRECTLY.
# yarn lockfile v1


"@fortawesome/fontawesome-free@^5.1.1":
  version "5.2.0"
  resolved "https://registry.yarnpkg.com/@fortawesome/fontawesome-free/-/fontawesome-free-5.2.0.tgz#50cd9856774351c56c0b1b0db4efe122d7913e58"

"@ngrx/store@^6.1.0":
  version "6.1.0"
  resolved "https://registry.yarnpkg.com/@ngrx/store/-/store-6.1.0.tgz#5b027647a797bf027912568214b10375dd75af38"

fine-uploader@5.16.2:
  version "5.16.2"
  resolved "https://registry.yarnpkg.com/fine-uploader/-/fine-uploader-5.16.2.tgz#0d878da1cd2753f80683ac091df5daff9ffb8c44"

ngx-file-drop@^4.0.6:
  version "4.0.6"
  resolved "https://registry.yarnpkg.com/ngx-file-drop/-/ngx-file-drop-4.0.6.tgz#a7da98eb4c268b40759057597ba496f16cde19fc"
  dependencies:
    tslib "^1.9.0"

ngx-smart-modal@^7.0.3:
  version "7.0.3"
  resolved "https://registry.yarnpkg.com/ngx-smart-modal/-/ngx-smart-modal-7.0.3.tgz#17ca06282c948faa959fc0276700351e50b04d59"

tslib@^1.9.0:
  version "1.9.3"
  resolved "https://registry.yarnpkg.com/tslib/-/tslib-1.9.3.tgz#d7e4dd79245d85428c4d7e4822a79917954ca286"
